
Microsoft Visual Studio Solution File, Format Version 12.00
# Visual Studio Version 17
VisualStudioVersion = 17.12.35707.178
MinimumVisualStudioVersion = 10.0.40219.1
Project("{FAE04EC0-301F-11D3-BF4B-00C04F79EFBC}") = "Task3", "Task3\Task3.csproj", "{81F75381-44B3-4144-9027-94B76C193D03}"
EndProject
Project("{FAE04EC0-301F-11D3-BF4B-00C04F79EFBC}") = "Task 4 21-1", "Task 4 21-1\Task 4 21-1.csproj", "{359A66C8-F771-4285-A46F-DD33514DBF60}"
EndProject
Project("{FAE04EC0-301F-11D3-BF4B-00C04F79EFBC}") = "Task 22-1", "Task 22-1\Task 22-1.csproj", "{D086E495-37C2-471E-A21B-EE4F2B7CAD41}"
EndProject
Project("{FAE04EC0-301F-11D3-BF4B-00C04F79EFBC}") = "23-1", "23-1\23-1.csproj", "{0DBBD58D-C1E1-4F7B-8FA6-E61702DF87BD}"
EndProject
Global
	GlobalSection(SolutionConfigurationPlatforms) = preSolution
		Debug|Any CPU = Debug|Any CPU
		Release|Any CPU = Release|Any CPU
	EndGlobalSection
	GlobalSection(ProjectConfigurationPlatforms) = postSolution
		{81F75381-44B3-4144-9027-94B76C193D03}.Debug|Any CPU.ActiveCfg = Debug|Any CPU
		{81F75381-44B3-4144-9027-94B76C193D03}.Debug|Any CPU.Build.0 = Debug|Any CPU
		{81F75381-44B3-4144-9027-94B76C193D03}.Release|Any CPU.ActiveCfg = Release|Any CPU
		{81F75381-44B3-4144-9027-94B76C193D03}.Release|Any CPU.Build.0 = Release|Any CPU
		{359A66C8-F771-4285-A46F-DD33514DBF60}.Debug|Any CPU.ActiveCfg = Debug|Any CPU
		{359A66C8-F771-4285-A46F-DD33514DBF60}.Debug|Any CPU.Build.0 = Debug|Any CPU
		{359A66C8-F771-4285-A46F-DD33514DBF60}.Release|Any CPU.ActiveCfg = Release|Any CPU
		{359A66C8-F771-4285-A46F-DD33514DBF60}.Release|Any CPU.Build.0 = Release|Any CPU
		{D086E495-37C2-471E-A21B-EE4F2B7CAD41}.Debug|Any CPU.ActiveCfg = Debug|Any CPU
		{D086E495-37C2-471E-A21B-EE4F2B7CAD41}.Debug|Any CPU.Build.0 = Debug|Any CPU
		{D086E495-37C2-471E-A21B-EE4F2B7CAD41}.Release|Any CPU.ActiveCfg = Release|Any CPU
		{D086E495-37C2-471E-A21B-EE4F2B7CAD41}.Release|Any CPU.Build.0 = Release|Any CPU
		{0DBBD58D-C1E1-4F7B-8FA6-E61702DF87BD}.Debug|Any CPU.ActiveCfg = Debug|Any CPU
		{0DBBD58D-C1E1-4F7B-8FA6-E61702DF87BD}.Debug|Any CPU.Build.0 = Debug|Any CPU
		{0DBBD58D-C1E1-4F7B-8FA6-E61702DF87BD}.Release|Any CPU.ActiveCfg = Release|Any CPU
		{0DBBD58D-C1E1-4F7B-8FA6-E61702DF87BD}.Release|Any CPU.Build.0 = Release|Any CPU
	EndGlobalSection
	GlobalSection(SolutionProperties) = preSolution
		HideSolutionNode = FALSE
	EndGlobalSection
EndGlobal
